// !$*UTF8*$!
{
	archiveVersion = 1;
	classes = {
	};
	objectVersion = 46;
	objects = {

/* Begin PBXBuildFile section */
		1AA103053CC2667E97382A81 /* NIKFontAwesomePathRenderer.m in Sources */ = {isa = PBXBuildFile; fileRef = 1AA105203EF7BDF4B882338E /* NIKFontAwesomePathRenderer.m */; };
		1AA10A3B01A973D83397D7FC /* NIKFontAwesomePathFactory.m in Sources */ = {isa = PBXBuildFile; fileRef = 1AA10154DEA4A1A74CE135F2 /* NIKFontAwesomePathFactory.m */; };
		1AA10B920381E16981F377B6 /* NIKFontAwesomeIconFactory+OSX.m in Sources */ = {isa = PBXBuildFile; fileRef = 1AA104972D772AB4240FF30E /* NIKFontAwesomeIconFactory+OSX.m */; };
		1AA10E6269DFFB000C5E9EDB /* FontAwesome.otf in Resources */ = {isa = PBXBuildFile; fileRef = 1AA106FC688B5EDA6DCD4C52 /* FontAwesome.otf */; };
		24CF4E7916EA11EE00F16647 /* Cocoa.framework in Frameworks */ = {isa = PBXBuildFile; fileRef = 24CF4E7816EA11EE00F16647 /* Cocoa.framework */; };
		24CF4E8316EA11EE00F16647 /* InfoPlist.strings in Resources */ = {isa = PBXBuildFile; fileRef = 24CF4E8116EA11EE00F16647 /* InfoPlist.strings */; };
		24CF4E8516EA11EE00F16647 /* main.m in Sources */ = {isa = PBXBuildFile; fileRef = 24CF4E8416EA11EE00F16647 /* main.m */; };
		24CF4E8916EA11EE00F16647 /* Credits.rtf in Resources */ = {isa = PBXBuildFile; fileRef = 24CF4E8716EA11EE00F16647 /* Credits.rtf */; };
		24CF4E8C16EA11EE00F16647 /* AppDelegate.m in Sources */ = {isa = PBXBuildFile; fileRef = 24CF4E8B16EA11EE00F16647 /* AppDelegate.m */; };
		24CF4E8F16EA11EF00F16647 /* MainMenu.xib in Resources */ = {isa = PBXBuildFile; fileRef = 24CF4E8D16EA11EF00F16647 /* MainMenu.xib */; };
		24CF4F5716EA3DEF00F16647 /* NIKFontAwesomeIconFactory.m in Sources */ = {isa = PBXBuildFile; fileRef = 24CF4F5616EA3DEF00F16647 /* NIKFontAwesomeIconFactory.m */; };
/* End PBXBuildFile section */

/* Begin PBXFileReference section */
		1AA10154DEA4A1A74CE135F2 /* NIKFontAwesomePathFactory.m */ = {isa = PBXFileReference; fileEncoding = 4; lastKnownFileType = sourcecode.c.objc; name = NIKFontAwesomePathFactory.m; path = ../../NIKFontAwesomePathFactory.m; sourceTree = "<group>"; };
		1AA1018F973D64F2AFDC2CF4 /* NIKFontAwesomeIconFactory+OSX.h */ = {isa = PBXFileReference; fileEncoding = 4; lastKnownFileType = sourcecode.c.h; name = "NIKFontAwesomeIconFactory+OSX.h"; path = "../../NIKFontAwesomeIconFactory+OSX.h"; sourceTree = "<group>"; };
		1AA102453E28FBFF21EEC1B1 /* NIKFontAwesomePathRenderer.h */ = {isa = PBXFileReference; fileEncoding = 4; lastKnownFileType = sourcecode.c.h; name = NIKFontAwesomePathRenderer.h; path = ../../NIKFontAwesomePathRenderer.h; sourceTree = "<group>"; };
		1AA104972D772AB4240FF30E /* NIKFontAwesomeIconFactory+OSX.m */ = {isa = PBXFileReference; fileEncoding = 4; lastKnownFileType = sourcecode.c.objc; name = "NIKFontAwesomeIconFactory+OSX.m"; path = "../../NIKFontAwesomeIconFactory+OSX.m"; sourceTree = "<group>"; };
		1AA105203EF7BDF4B882338E /* NIKFontAwesomePathRenderer.m */ = {isa = PBXFileReference; fileEncoding = 4; lastKnownFileType = sourcecode.c.objc; name = NIKFontAwesomePathRenderer.m; path = ../../NIKFontAwesomePathRenderer.m; sourceTree = "<group>"; };
		1AA106FC688B5EDA6DCD4C52 /* FontAwesome.otf */ = {isa = PBXFileReference; lastKnownFileType = file.otf; name = FontAwesome.otf; path = "../../Font-Awesome/font/FontAwesome.otf"; sourceTree = "<group>"; };
		1AA10B8893DF18A44433F3FA /* NIKFontAwesomeIcon.h */ = {isa = PBXFileReference; fileEncoding = 4; lastKnownFileType = sourcecode.c.h; name = NIKFontAwesomeIcon.h; path = ../../NIKFontAwesomeIcon.h; sourceTree = "<group>"; };
		1AA10E723806E226ABDC8461 /* NIKFontAwesomePathFactory.h */ = {isa = PBXFileReference; fileEncoding = 4; lastKnownFileType = sourcecode.c.h; name = NIKFontAwesomePathFactory.h; path = ../../NIKFontAwesomePathFactory.h; sourceTree = "<group>"; };
		24CF4E7516EA11EE00F16647 /* FontAwesomeIconFactoryDemoOSX.app */ = {isa = PBXFileReference; explicitFileType = wrapper.application; includeInIndex = 0; path = FontAwesomeIconFactoryDemoOSX.app; sourceTree = BUILT_PRODUCTS_DIR; };
		24CF4E7816EA11EE00F16647 /* Cocoa.framework */ = {isa = PBXFileReference; lastKnownFileType = wrapper.framework; name = Cocoa.framework; path = System/Library/Frameworks/Cocoa.framework; sourceTree = SDKROOT; };
		24CF4E7B16EA11EE00F16647 /* AppKit.framework */ = {isa = PBXFileReference; lastKnownFileType = wrapper.framework; name = AppKit.framework; path = System/Library/Frameworks/AppKit.framework; sourceTree = SDKROOT; };
		24CF4E7C16EA11EE00F16647 /* CoreData.framework */ = {isa = PBXFileReference; lastKnownFileType = wrapper.framework; name = CoreData.framework; path = System/Library/Frameworks/CoreData.framework; sourceTree = SDKROOT; };
		24CF4E7D16EA11EE00F16647 /* Foundation.framework */ = {isa = PBXFileReference; lastKnownFileType = wrapper.framework; name = Foundation.framework; path = System/Library/Frameworks/Foundation.framework; sourceTree = SDKROOT; };
		24CF4E8016EA11EE00F16647 /* FontAwesomeIconFactoryDemoOSX-Info.plist */ = {isa = PBXFileReference; lastKnownFileType = text.plist.xml; path = "FontAwesomeIconFactoryDemoOSX-Info.plist"; sourceTree = "<group>"; };
		24CF4E8216EA11EE00F16647 /* en */ = {isa = PBXFileReference; lastKnownFileType = text.plist.strings; name = en; path = en.lproj/InfoPlist.strings; sourceTree = "<group>"; };
		24CF4E8416EA11EE00F16647 /* main.m */ = {isa = PBXFileReference; lastKnownFileType = sourcecode.c.objc; path = main.m; sourceTree = "<group>"; };
		24CF4E8616EA11EE00F16647 /* FontAwesomeIconFactoryDemoOSX-Prefix.pch */ = {isa = PBXFileReference; lastKnownFileType = sourcecode.c.h; path = "FontAwesomeIconFactoryDemoOSX-Prefix.pch"; sourceTree = "<group>"; };
		24CF4E8816EA11EE00F16647 /* en */ = {isa = PBXFileReference; lastKnownFileType = text.rtf; name = en; path = en.lproj/Credits.rtf; sourceTree = "<group>"; };
		24CF4E8A16EA11EE00F16647 /* AppDelegate.h */ = {isa = PBXFileReference; lastKnownFileType = sourcecode.c.h; path = AppDelegate.h; sourceTree = "<group>"; };
		24CF4E8B16EA11EE00F16647 /* AppDelegate.m */ = {isa = PBXFileReference; lastKnownFileType = sourcecode.c.objc; path = AppDelegate.m; sourceTree = "<group>"; };
		24CF4E8E16EA11EF00F16647 /* en */ = {isa = PBXFileReference; lastKnownFileType = file.xib; name = en; path = en.lproj/MainMenu.xib; sourceTree = "<group>"; };
		24CF4F5516EA3DEF00F16647 /* NIKFontAwesomeIconFactory.h */ = {isa = PBXFileReference; fileEncoding = 4; lastKnownFileType = sourcecode.c.h; name = NIKFontAwesomeIconFactory.h; path = ../../NIKFontAwesomeIconFactory.h; sourceTree = "<group>"; };
		24CF4F5616EA3DEF00F16647 /* NIKFontAwesomeIconFactory.m */ = {isa = PBXFileReference; fileEncoding = 4; lastKnownFileType = sourcecode.c.objc; name = NIKFontAwesomeIconFactory.m; path = ../../NIKFontAwesomeIconFactory.m; sourceTree = "<group>"; };
/* End PBXFileReference section */

/* Begin PBXFrameworksBuildPhase section */
		24CF4E7216EA11EE00F16647 /* Frameworks */ = {
			isa = PBXFrameworksBuildPhase;
			buildActionMask = 2147483647;
			files = (
				24CF4E7916EA11EE00F16647 /* Cocoa.framework in Frameworks */,
			);
			runOnlyForDeploymentPostprocessing = 0;
		};
/* End PBXFrameworksBuildPhase section */

/* Begin PBXGroup section */
		1AA1001DB22D64652C752644 /* FontAwesomeIconFactory */ = {
			isa = PBXGroup;
			children = (
				1AA106FC688B5EDA6DCD4C52 /* FontAwesome.otf */,
				1AA10B8893DF18A44433F3FA /* NIKFontAwesomeIcon.h */,
				1AA1018F973D64F2AFDC2CF4 /* NIKFontAwesomeIconFactory+OSX.h */,
				1AA104972D772AB4240FF30E /* NIKFontAwesomeIconFactory+OSX.m */,
				24CF4F5516EA3DEF00F16647 /* NIKFontAwesomeIconFactory.h */,
				24CF4F5616EA3DEF00F16647 /* NIKFontAwesomeIconFactory.m */,
				1AA10E723806E226ABDC8461 /* NIKFontAwesomePathFactory.h */,
				1AA10154DEA4A1A74CE135F2 /* NIKFontAwesomePathFactory.m */,
				1AA102453E28FBFF21EEC1B1 /* NIKFontAwesomePathRenderer.h */,
				1AA105203EF7BDF4B882338E /* NIKFontAwesomePathRenderer.m */,
			);
			name = FontAwesomeIconFactory;
			sourceTree = "<group>";
		};
		24CF4E6C16EA11EE00F16647 = {
			isa = PBXGroup;
			children = (
				24CF4E7E16EA11EE00F16647 /* FontAwesomeIconFactoryDemoOSX */,
				24CF4E7716EA11EE00F16647 /* Frameworks */,
				24CF4E7616EA11EE00F16647 /* Products */,
			);
			sourceTree = "<group>";
		};
		24CF4E7616EA11EE00F16647 /* Products */ = {
			isa = PBXGroup;
			children = (
				24CF4E7516EA11EE00F16647 /* FontAwesomeIconFactoryDemoOSX.app */,
			);
			name = Products;
			sourceTree = "<group>";
		};
		24CF4E7716EA11EE00F16647 /* Frameworks */ = {
			isa = PBXGroup;
			children = (
				24CF4E7816EA11EE00F16647 /* Cocoa.framework */,
				24CF4E7A16EA11EE00F16647 /* Other Frameworks */,
			);
			name = Frameworks;
			sourceTree = "<group>";
		};
		24CF4E7A16EA11EE00F16647 /* Other Frameworks */ = {
			isa = PBXGroup;
			children = (
				24CF4E7B16EA11EE00F16647 /* AppKit.framework */,
				24CF4E7C16EA11EE00F16647 /* CoreData.framework */,
				24CF4E7D16EA11EE00F16647 /* Foundation.framework */,
			);
			name = "Other Frameworks";
			sourceTree = "<group>";
		};
		24CF4E7E16EA11EE00F16647 /* FontAwesomeIconFactoryDemoOSX */ = {
			isa = PBXGroup;
			children = (
				24CF4E8A16EA11EE00F16647 /* AppDelegate.h */,
				24CF4E8B16EA11EE00F16647 /* AppDelegate.m */,
				24CF4E8D16EA11EF00F16647 /* MainMenu.xib */,
				24CF4E7F16EA11EE00F16647 /* Supporting Files */,
				1AA1001DB22D64652C752644 /* FontAwesomeIconFactory */,
			);
			path = FontAwesomeIconFactoryDemoOSX;
			sourceTree = "<group>";
		};
		24CF4E7F16EA11EE00F16647 /* Supporting Files */ = {
			isa = PBXGroup;
			children = (
				24CF4E8016EA11EE00F16647 /* FontAwesomeIconFactoryDemoOSX-Info.plist */,
				24CF4E8116EA11EE00F16647 /* InfoPlist.strings */,
				24CF4E8416EA11EE00F16647 /* main.m */,
				24CF4E8616EA11EE00F16647 /* FontAwesomeIconFactoryDemoOSX-Prefix.pch */,
				24CF4E8716EA11EE00F16647 /* Credits.rtf */,
			);
			name = "Supporting Files";
			sourceTree = "<group>";
		};
/* End PBXGroup section */

/* Begin PBXNativeTarget section */
		24CF4E7416EA11EE00F16647 /* FontAwesomeIconFactoryDemoOSX */ = {
			isa = PBXNativeTarget;
			buildConfigurationList = 24CF4E9216EA11EF00F16647 /* Build configuration list for PBXNativeTarget "FontAwesomeIconFactoryDemoOSX" */;
			buildPhases = (
				24CF4E7116EA11EE00F16647 /* Sources */,
				24CF4E7216EA11EE00F16647 /* Frameworks */,
				24CF4E7316EA11EE00F16647 /* Resources */,
			);
			buildRules = (
			);
			dependencies = (
			);
			name = FontAwesomeIconFactoryDemoOSX;
			productName = FontAwesomeIconFactoryDemoOSX;
			productReference = 24CF4E7516EA11EE00F16647 /* FontAwesomeIconFactoryDemoOSX.app */;
			productType = "com.apple.product-type.application";
		};
/* End PBXNativeTarget section */

/* Begin PBXProject section */
		24CF4E6D16EA11EE00F16647 /* Project object */ = {
			isa = PBXProject;
			attributes = {
				CLASSPREFIX = NSC;
				LastUpgradeCheck = 0460;
				ORGANIZATIONNAME = "Nikolaj Schumacher";
			};
			buildConfigurationList = 24CF4E7016EA11EE00F16647 /* Build configuration list for PBXProject "FontAwesomeIconFactoryDemoOSX" */;
			compatibilityVersion = "Xcode 3.2";
			developmentRegion = English;
			hasScannedForEncodings = 0;
			knownRegions = (
				en,
			);
			mainGroup = 24CF4E6C16EA11EE00F16647;
			productRefGroup = 24CF4E7616EA11EE00F16647 /* Products */;
			projectDirPath = "";
			projectRoot = "";
			targets = (
				24CF4E7416EA11EE00F16647 /* FontAwesomeIconFactoryDemoOSX */,
			);
		};
/* End PBXProject section */

/* Begin PBXResourcesBuildPhase section */
		24CF4E7316EA11EE00F16647 /* Resources */ = {
			isa = PBXResourcesBuildPhase;
			buildActionMask = 2147483647;
			files = (
				24CF4E8316EA11EE00F16647 /* InfoPlist.strings in Resources */,
				24CF4E8916EA11EE00F16647 /* Credits.rtf in Resources */,
				24CF4E8F16EA11EF00F16647 /* MainMenu.xib in Resources */,
				1AA10E6269DFFB000C5E9EDB /* FontAwesome.otf in Resources */,
			);
			runOnlyForDeploymentPostprocessing = 0;
		};
/* End PBXResourcesBuildPhase section */

/* Begin PBXSourcesBuildPhase section */
		24CF4E7116EA11EE00F16647 /* Sources */ = {
			isa = PBXSourcesBuildPhase;
			buildActionMask = 2147483647;
			files = (
				24CF4E8516EA11EE00F16647 /* main.m in Sources */,
				24CF4E8C16EA11EE00F16647 /* AppDelegate.m in Sources */,
				24CF4F5716EA3DEF00F16647 /* NIKFontAwesomeIconFactory.m in Sources */,
				1AA103053CC2667E97382A81 /* NIKFontAwesomePathRenderer.m in Sources */,
				1AA10A3B01A973D83397D7FC /* NIKFontAwesomePathFactory.m in Sources */,
				1AA10B920381E16981F377B6 /* NIKFontAwesomeIconFactory+OSX.m in Sources */,
			);
			runOnlyForDeploymentPostprocessing = 0;
		};
/* End PBXSourcesBuildPhase section */

/* Begin PBXVariantGroup section */
		24CF4E8116EA11EE00F16647 /* InfoPlist.strings */ = {
			isa = PBXVariantGroup;
			children = (
				24CF4E8216EA11EE00F16647 /* en */,
			);
			name = InfoPlist.strings;
			sourceTree = "<group>";
		};
		24CF4E8716EA11EE00F16647 /* Credits.rtf */ = {
			isa = PBXVariantGroup;
			children = (
				24CF4E8816EA11EE00F16647 /* en */,
			);
			name = Credits.rtf;
			sourceTree = "<group>";
		};
		24CF4E8D16EA11EF00F16647 /* MainMenu.xib */ = {
			isa = PBXVariantGroup;
			children = (
				24CF4E8E16EA11EF00F16647 /* en */,
			);
			name = MainMenu.xib;
			sourceTree = "<group>";
		};
/* End PBXVariantGroup section */

/* Begin XCBuildConfiguration section */
		24CF4E9016EA11EF00F16647 /* Debug */ = {
			isa = XCBuildConfiguration;
			buildSettings = {
				ALWAYS_SEARCH_USER_PATHS = NO;
				ARCHS = "$(ARCHS_STANDARD_64_BIT)";
				CLANG_CXX_LANGUAGE_STANDARD = "gnu++0x";
				CLANG_CXX_LIBRARY = "libc++";
				CLANG_ENABLE_OBJC_ARC = YES;
				CLANG_WARN_CONSTANT_CONVERSION = YES;
				CLANG_WARN_EMPTY_BODY = YES;
				CLANG_WARN_ENUM_CONVERSION = YES;
				CLANG_WARN_INT_CONVERSION = YES;
				CLANG_WARN__DUPLICATE_METHOD_MATCH = YES;
				COPY_PHASE_STRIP = NO;
				GCC_C_LANGUAGE_STANDARD = gnu99;
				GCC_DYNAMIC_NO_PIC = NO;
				GCC_ENABLE_OBJC_EXCEPTIONS = YES;
				GCC_OPTIMIZATION_LEVEL = 0;
				GCC_PREPROCESSOR_DEFINITIONS = (
					"DEBUG=1",
					"$(inherited)",
				);
				GCC_SYMBOLS_PRIVATE_EXTERN = NO;
				GCC_TREAT_WARNINGS_AS_ERRORS = YES;
				GCC_WARN_64_TO_32_BIT_CONVERSION = YES;
				GCC_WARN_ABOUT_RETURN_TYPE = YES;
				GCC_WARN_UNINITIALIZED_AUTOS = YES;
				GCC_WARN_UNUSED_VARIABLE = YES;
				MACOSX_DEPLOYMENT_TARGET = 10.7;
				ONLY_ACTIVE_ARCH = YES;
				RUN_CLANG_STATIC_ANALYZER = YES;
				SDKROOT = macosx;
				WARNING_CFLAGS = (
					"-Wno-objc-missing-property-synthesis",
					"-Wno-direct-ivar-access",
					"-Weverything",
				);
			};
			name = Debug;
		};
		24CF4E9116EA11EF00F16647 /* Release */ = {
			isa = XCBuildConfiguration;
			buildSettings = {
				ALWAYS_SEARCH_USER_PATHS = NO;
				ARCHS = "$(ARCHS_STANDARD_64_BIT)";
				CLANG_CXX_LANGUAGE_STANDARD = "gnu++0x";
				CLANG_CXX_LIBRARY = "libc++";
				CLANG_ENABLE_OBJC_ARC = YES;
				CLANG_WARN_CONSTANT_CONVERSION = YES;
				CLANG_WARN_EMPTY_BODY = YES;
				CLANG_WARN_ENUM_CONVERSION = YES;
				CLANG_WARN_INT_CONVERSION = YES;
				CLANG_WARN__DUPLICATE_METHOD_MATCH = YES;
				COPY_PHASE_STRIP = YES;
				DEBUG_INFORMATION_FORMAT = "dwarf-with-dsym";
				GCC_C_LANGUAGE_STANDARD = gnu99;
				GCC_ENABLE_OBJC_EXCEPTIONS = YES;
				GCC_TREAT_WARNINGS_AS_ERRORS = YES;
				GCC_WARN_64_TO_32_BIT_CONVERSION = YES;
				GCC_WARN_ABOUT_RETURN_TYPE = YES;
				GCC_WARN_UNINITIALIZED_AUTOS = YES;
				GCC_WARN_UNUSED_VARIABLE = YES;
				MACOSX_DEPLOYMENT_TARGET = 10.7;
				RUN_CLANG_STATIC_ANALYZER = YES;
				SDKROOT = macosx;
				WARNING_CFLAGS = (
					"-Wno-objc-missing-property-synthesis",
					"-Wno-direct-ivar-access",
					"-Weverything",
				);
			};
			name = Release;
		};
		24CF4E9316EA11EF00F16647 /* Debug */ = {
			isa = XCBuildConfiguration;
			buildSettings = {
				COMBINE_HIDPI_IMAGES = YES;
				GCC_PRECOMPILE_PREFIX_HEADER = YES;
				GCC_PREFIX_HEADER = "FontAwesomeIconFactoryDemoOSX/FontAwesomeIconFactoryDemoOSX-Prefix.pch";
				INFOPLIST_FILE = "FontAwesomeIconFactoryDemoOSX/FontAwesomeIconFactoryDemoOSX-Info.plist";
				PRODUCT_NAME = "$(TARGET_NAME)";
				WRAPPER_EXTENSION = app;
			};
			name = Debug;
		};
		24CF4E9416EA11EF00F16647 /* Release */ = {
			isa = XCBuildConfiguration;
			buildSettings = {
				COMBINE_HIDPI_IMAGES = YES;
				GCC_PRECOMPILE_PREFIX_HEADER = YES;
				GCC_PREFIX_HEADER = "FontAwesomeIconFactoryDemoOSX/FontAwesomeIconFactoryDemoOSX-Prefix.pch";
				INFOPLIST_FILE = "FontAwesomeIconFactoryDemoOSX/FontAwesomeIconFactoryDemoOSX-Info.plist";
				PRODUCT_NAME = "$(TARGET_NAME)";
				WRAPPER_EXTENSION = app;
			};
			name = Release;
		};
/* End XCBuildConfiguration section */

/* Begin XCConfigurationList section */
		24CF4E7016EA11EE00F16647 /* Build configuration list for PBXProject "FontAwesomeIconFactoryDemoOSX" */ = {
			isa = XCConfigurationList;
			buildConfigurations = (
				24CF4E9016EA11EF00F16647 /* Debug */,
				24CF4E9116EA11EF00F16647 /* Release */,
			);
			defaultConfigurationIsVisible = 0;
			defaultConfigurationName = Release;
		};
		24CF4E9216EA11EF00F16647 /* Build configuration list for PBXNativeTarget "FontAwesomeIconFactoryDemoOSX" */ = {
			isa = XCConfigurationList;
			buildConfigurations = (
				24CF4E9316EA11EF00F16647 /* Debug */,
				24CF4E9416EA11EF00F16647 /* Release */,
			);
			defaultConfigurationIsVisible = 0;
			defaultConfigurationName = Release;
		};
/* End XCConfigurationList section */
	};
	rootObject = 24CF4E6D16EA11EE00F16647 /* Project object */;
}
